
Microsoft Visual Studio Solution File, Format Version 12.00
# Visual Studio Version 17
VisualStudioVersion = 17.11.35327.3
MinimumVisualStudioVersion = 10.0.40219.1
Project("{9A19103F-16F7-4668-BE54-9A1E7A4F7556}") = "VeryIntelligentName.Web", "VeryIntelligentName.Web\VeryIntelligentName.Web.csproj", "{7D13C0D9-FB6D-4F2A-829F-B34B6F40E765}"
EndProject
Project("{2150E333-8FDC-42A3-9474-1A3956D46DE8}") = "Web", "Web", "{11585E09-9984-42F9-AC22-713EB98471BB}"
EndProject
Project("{2150E333-8FDC-42A3-9474-1A3956D46DE8}") = "Data", "Data", "{7A58CF39-C027-42D4-847E-FA63805A5AF2}"
EndProject
Project("{2150E333-8FDC-42A3-9474-1A3956D46DE8}") = "Services", "Services", "{FE7E538A-1858-4B5E-A9DF-AA7CDEBFF329}"
EndProject
Project("{9A19103F-16F7-4668-BE54-9A1E7A4F7556}") = "VeryIntelligentName.Common", "VeryIntelligentName.Common\VeryIntelligentName.Common.csproj", "{838448B2-56A3-40FE-8EBC-B69C983C72A7}"
EndProject
Project("{9A19103F-16F7-4668-BE54-9A1E7A4F7556}") = "VeryIntelligentName.WebApi", "VeryIntelligentName.WebApi\VeryIntelligentName.WebApi.csproj", "{EA365D38-CBB9-49FD-B59E-928A65EAD09A}"
EndProject
Project("{9A19103F-16F7-4668-BE54-9A1E7A4F7556}") = "VeryIntelligentName.Data", "VeryIntelligentName.Data\VeryIntelligentName.Data.csproj", "{2562E89F-FCBC-4B8D-A938-AFBEB4F86C7E}"
EndProject
Project("{9A19103F-16F7-4668-BE54-9A1E7A4F7556}") = "VeryIntelligentName.Data.Models", "VeryIntelligentName.Data.Models\VeryIntelligentName.Data.Models.csproj", "{6E05C88E-7BDF-4DA2-BE51-D7334FB57F7B}"
	ProjectSection(ProjectDependencies) = postProject
		{838448B2-56A3-40FE-8EBC-B69C983C72A7} = {838448B2-56A3-40FE-8EBC-B69C983C72A7}
	EndProjectSection
EndProject
Project("{9A19103F-16F7-4668-BE54-9A1E7A4F7556}") = "VeryIntelligentName.Services.Data", "VeryIntelligentName.Services.Data\VeryIntelligentName.Services.Data.csproj", "{235FAA8A-05A9-4F1E-AAB5-BB65CDA83783}"
EndProject
Project("{9A19103F-16F7-4668-BE54-9A1E7A4F7556}") = "VeryIntelligentName.Services.Mapping", "VeryIntelligentName.Services.Mapping\VeryIntelligentName.Services.Mapping.csproj", "{B362FF2E-FDB8-4A4D-B245-4B3A2E9BA7BE}"
EndProject
Project("{9A19103F-16F7-4668-BE54-9A1E7A4F7556}") = "VeryIntelligentName.Web.Infrastructure", "VeryIntelligentName.Web.Infrastructure\VeryIntelligentName.Web.Infrastructure.csproj", "{BB14D5CB-CB35-42BA-8004-003B9C400B8F}"
EndProject
Project("{9A19103F-16F7-4668-BE54-9A1E7A4F7556}") = "VeryIntelligentName.Web.ViewModels", "VeryIntelligentName.Web.ViewModels\VeryIntelligentName.Web.ViewModels.csproj", "{F313059B-9601-4240-B59A-D2E854857026}"
EndProject
Global
	GlobalSection(SolutionConfigurationPlatforms) = preSolution
		Debug|Any CPU = Debug|Any CPU
		Release|Any CPU = Release|Any CPU
	EndGlobalSection
	GlobalSection(ProjectConfigurationPlatforms) = postSolution
		{7D13C0D9-FB6D-4F2A-829F-B34B6F40E765}.Debug|Any CPU.ActiveCfg = Debug|Any CPU
		{7D13C0D9-FB6D-4F2A-829F-B34B6F40E765}.Debug|Any CPU.Build.0 = Debug|Any CPU
		{7D13C0D9-FB6D-4F2A-829F-B34B6F40E765}.Release|Any CPU.ActiveCfg = Release|Any CPU
		{7D13C0D9-FB6D-4F2A-829F-B34B6F40E765}.Release|Any CPU.Build.0 = Release|Any CPU
		{838448B2-56A3-40FE-8EBC-B69C983C72A7}.Debug|Any CPU.ActiveCfg = Debug|Any CPU
		{838448B2-56A3-40FE-8EBC-B69C983C72A7}.Debug|Any CPU.Build.0 = Debug|Any CPU
		{838448B2-56A3-40FE-8EBC-B69C983C72A7}.Release|Any CPU.ActiveCfg = Release|Any CPU
		{838448B2-56A3-40FE-8EBC-B69C983C72A7}.Release|Any CPU.Build.0 = Release|Any CPU
		{EA365D38-CBB9-49FD-B59E-928A65EAD09A}.Debug|Any CPU.ActiveCfg = Debug|Any CPU
		{EA365D38-CBB9-49FD-B59E-928A65EAD09A}.Debug|Any CPU.Build.0 = Debug|Any CPU
		{EA365D38-CBB9-49FD-B59E-928A65EAD09A}.Release|Any CPU.ActiveCfg = Release|Any CPU
		{EA365D38-CBB9-49FD-B59E-928A65EAD09A}.Release|Any CPU.Build.0 = Release|Any CPU
		{2562E89F-FCBC-4B8D-A938-AFBEB4F86C7E}.Debug|Any CPU.ActiveCfg = Debug|Any CPU
		{2562E89F-FCBC-4B8D-A938-AFBEB4F86C7E}.Debug|Any CPU.Build.0 = Debug|Any CPU
		{2562E89F-FCBC-4B8D-A938-AFBEB4F86C7E}.Release|Any CPU.ActiveCfg = Release|Any CPU
		{2562E89F-FCBC-4B8D-A938-AFBEB4F86C7E}.Release|Any CPU.Build.0 = Release|Any CPU
		{6E05C88E-7BDF-4DA2-BE51-D7334FB57F7B}.Debug|Any CPU.ActiveCfg = Debug|Any CPU
		{6E05C88E-7BDF-4DA2-BE51-D7334FB57F7B}.Debug|Any CPU.Build.0 = Debug|Any CPU
		{6E05C88E-7BDF-4DA2-BE51-D7334FB57F7B}.Release|Any CPU.ActiveCfg = Release|Any CPU
		{6E05C88E-7BDF-4DA2-BE51-D7334FB57F7B}.Release|Any CPU.Build.0 = Release|Any CPU
		{235FAA8A-05A9-4F1E-AAB5-BB65CDA83783}.Debug|Any CPU.ActiveCfg = Debug|Any CPU
		{235FAA8A-05A9-4F1E-AAB5-BB65CDA83783}.Debug|Any CPU.Build.0 = Debug|Any CPU
		{235FAA8A-05A9-4F1E-AAB5-BB65CDA83783}.Release|Any CPU.ActiveCfg = Release|Any CPU
		{235FAA8A-05A9-4F1E-AAB5-BB65CDA83783}.Release|Any CPU.Build.0 = Release|Any CPU
		{B362FF2E-FDB8-4A4D-B245-4B3A2E9BA7BE}.Debug|Any CPU.ActiveCfg = Debug|Any CPU
		{B362FF2E-FDB8-4A4D-B245-4B3A2E9BA7BE}.Debug|Any CPU.Build.0 = Debug|Any CPU
		{B362FF2E-FDB8-4A4D-B245-4B3A2E9BA7BE}.Release|Any CPU.ActiveCfg = Release|Any CPU
		{B362FF2E-FDB8-4A4D-B245-4B3A2E9BA7BE}.Release|Any CPU.Build.0 = Release|Any CPU
		{BB14D5CB-CB35-42BA-8004-003B9C400B8F}.Debug|Any CPU.ActiveCfg = Debug|Any CPU
		{BB14D5CB-CB35-42BA-8004-003B9C400B8F}.Debug|Any CPU.Build.0 = Debug|Any CPU
		{BB14D5CB-CB35-42BA-8004-003B9C400B8F}.Release|Any CPU.ActiveCfg = Release|Any CPU
		{BB14D5CB-CB35-42BA-8004-003B9C400B8F}.Release|Any CPU.Build.0 = Release|Any CPU
		{F313059B-9601-4240-B59A-D2E854857026}.Debug|Any CPU.ActiveCfg = Debug|Any CPU
		{F313059B-9601-4240-B59A-D2E854857026}.Debug|Any CPU.Build.0 = Debug|Any CPU
		{F313059B-9601-4240-B59A-D2E854857026}.Release|Any CPU.ActiveCfg = Release|Any CPU
		{F313059B-9601-4240-B59A-D2E854857026}.Release|Any CPU.Build.0 = Release|Any CPU
	EndGlobalSection
	GlobalSection(SolutionProperties) = preSolution
		HideSolutionNode = FALSE
	EndGlobalSection
	GlobalSection(NestedProjects) = preSolution
		{7D13C0D9-FB6D-4F2A-829F-B34B6F40E765} = {11585E09-9984-42F9-AC22-713EB98471BB}
		{EA365D38-CBB9-49FD-B59E-928A65EAD09A} = {11585E09-9984-42F9-AC22-713EB98471BB}
		{2562E89F-FCBC-4B8D-A938-AFBEB4F86C7E} = {7A58CF39-C027-42D4-847E-FA63805A5AF2}
		{6E05C88E-7BDF-4DA2-BE51-D7334FB57F7B} = {7A58CF39-C027-42D4-847E-FA63805A5AF2}
		{235FAA8A-05A9-4F1E-AAB5-BB65CDA83783} = {FE7E538A-1858-4B5E-A9DF-AA7CDEBFF329}
		{B362FF2E-FDB8-4A4D-B245-4B3A2E9BA7BE} = {FE7E538A-1858-4B5E-A9DF-AA7CDEBFF329}
		{BB14D5CB-CB35-42BA-8004-003B9C400B8F} = {11585E09-9984-42F9-AC22-713EB98471BB}
		{F313059B-9601-4240-B59A-D2E854857026} = {11585E09-9984-42F9-AC22-713EB98471BB}
	EndGlobalSection
	GlobalSection(ExtensibilityGlobals) = postSolution
		SolutionGuid = {66FB85FC-339B-4AD4-9A13-405595D1469E}
	EndGlobalSection
EndGlobal
